
Microsoft Visual Studio Solution File, Format Version 12.00
# Visual Studio 15
VisualStudioVersion = 15.0.28307.106
MinimumVisualStudioVersion = 10.0.40219.1
Project("{FAE04EC0-301F-11D3-BF4B-00C04F79EFBC}") = "SocietyPass.Mobile.Android", "SocietyPass.Mobile\SocietyPass.Mobile.Android\SocietyPass.Mobile.Android.csproj", "{634E8241-BC41-4C04-B377-66039FBAA50F}"
EndProject
Project("{FAE04EC0-301F-11D3-BF4B-00C04F79EFBC}") = "SocietyPass.Mobile.iOS", "SocietyPass.Mobile\SocietyPass.Mobile.iOS\SocietyPass.Mobile.iOS.csproj", "{35FEF7DD-67B1-4CF6-9F1A-3F8A615EE05E}"
EndProject
Project("{9A19103F-16F7-4668-BE54-9A1E7A4F7556}") = "SocietyPass.Mobile.Core", "SocietyPass.Mobile\SocietyPass.Mobile\SocietyPass.Mobile.Core.csproj", "{575DBD7D-55EE-4BF2-8837-8ABB7EEBDB84}"
EndProject
Project("{2150E333-8FDC-42A3-9474-1A3956D46DE8}") = "src", "src", "{6DF5BD98-4235-4BC9-85D2-D03E1D198433}"
EndProject
Project("{2150E333-8FDC-42A3-9474-1A3956D46DE8}") = "tests", "tests", "{E5A3B300-A78B-4230-957D-A3B2A88932EB}"
EndProject
Project("{FAE04EC0-301F-11D3-BF4B-00C04F79EFBC}") = "SocietyPass.Mobile.Services", "SocietyPass.Mobile.Services\SocietyPass.Mobile.Services.csproj", "{0C3FBD53-C813-43F1-822B-E84F4C0E2F06}"
EndProject
Project("{2150E333-8FDC-42A3-9474-1A3956D46DE8}") = "Utility", "Utility", "{BFCEC691-0A98-4737-9DE3-66F2CC14E183}"
EndProject
Project("{FAE04EC0-301F-11D3-BF4B-00C04F79EFBC}") = "SharpProxy", "SharpProxy\SharpProxy.csproj", "{AED54322-48BB-4587-ADE3-45FE2D2318AC}"
EndProject
Global
	GlobalSection(SolutionConfigurationPlatforms) = preSolution
		Ad-Hoc|Any CPU = Ad-Hoc|Any CPU
		Ad-Hoc|iPhone = Ad-Hoc|iPhone
		Ad-Hoc|iPhoneSimulator = Ad-Hoc|iPhoneSimulator
		Ad-Hoc|x86 = Ad-Hoc|x86
		AppStore|Any CPU = AppStore|Any CPU
		AppStore|iPhone = AppStore|iPhone
		AppStore|iPhoneSimulator = AppStore|iPhoneSimulator
		AppStore|x86 = AppStore|x86
		Debug|Any CPU = Debug|Any CPU
		Debug|iPhone = Debug|iPhone
		Debug|iPhoneSimulator = Debug|iPhoneSimulator
		Debug|x86 = Debug|x86
		Release|Any CPU = Release|Any CPU
		Release|iPhone = Release|iPhone
		Release|iPhoneSimulator = Release|iPhoneSimulator
		Release|x86 = Release|x86
	EndGlobalSection
	GlobalSection(ProjectConfigurationPlatforms) = postSolution
		{634E8241-BC41-4C04-B377-66039FBAA50F}.Ad-Hoc|Any CPU.ActiveCfg = Release|Any CPU
		{634E8241-BC41-4C04-B377-66039FBAA50F}.Ad-Hoc|Any CPU.Build.0 = Release|Any CPU
		{634E8241-BC41-4C04-B377-66039FBAA50F}.Ad-Hoc|Any CPU.Deploy.0 = Release|Any CPU
		{634E8241-BC41-4C04-B377-66039FBAA50F}.Ad-Hoc|iPhone.ActiveCfg = Release|Any CPU
		{634E8241-BC41-4C04-B377-66039FBAA50F}.Ad-Hoc|iPhone.Build.0 = Release|Any CPU
		{634E8241-BC41-4C04-B377-66039FBAA50F}.Ad-Hoc|iPhone.Deploy.0 = Release|Any CPU
		{634E8241-BC41-4C04-B377-66039FBAA50F}.Ad-Hoc|iPhoneSimulator.ActiveCfg = Release|Any CPU
		{634E8241-BC41-4C04-B377-66039FBAA50F}.Ad-Hoc|iPhoneSimulator.Build.0 = Release|Any CPU
		{634E8241-BC41-4C04-B377-66039FBAA50F}.Ad-Hoc|iPhoneSimulator.Deploy.0 = Release|Any CPU
		{634E8241-BC41-4C04-B377-66039FBAA50F}.Ad-Hoc|x86.ActiveCfg = Debug|Any CPU
		{634E8241-BC41-4C04-B377-66039FBAA50F}.Ad-Hoc|x86.Build.0 = Debug|Any CPU
		{634E8241-BC41-4C04-B377-66039FBAA50F}.Ad-Hoc|x86.Deploy.0 = Debug|Any CPU
		{634E8241-BC41-4C04-B377-66039FBAA50F}.AppStore|Any CPU.ActiveCfg = Release|Any CPU
		{634E8241-BC41-4C04-B377-66039FBAA50F}.AppStore|Any CPU.Build.0 = Release|Any CPU
		{634E8241-BC41-4C04-B377-66039FBAA50F}.AppStore|Any CPU.Deploy.0 = Release|Any CPU
		{634E8241-BC41-4C04-B377-66039FBAA50F}.AppStore|iPhone.ActiveCfg = Release|Any CPU
		{634E8241-BC41-4C04-B377-66039FBAA50F}.AppStore|iPhone.Build.0 = Release|Any CPU
		{634E8241-BC41-4C04-B377-66039FBAA50F}.AppStore|iPhone.Deploy.0 = Release|Any CPU
		{634E8241-BC41-4C04-B377-66039FBAA50F}.AppStore|iPhoneSimulator.ActiveCfg = Release|Any CPU
		{634E8241-BC41-4C04-B377-66039FBAA50F}.AppStore|iPhoneSimulator.Build.0 = Release|Any CPU
		{634E8241-BC41-4C04-B377-66039FBAA50F}.AppStore|iPhoneSimulator.Deploy.0 = Release|Any CPU
		{634E8241-BC41-4C04-B377-66039FBAA50F}.AppStore|x86.ActiveCfg = Debug|Any CPU
		{634E8241-BC41-4C04-B377-66039FBAA50F}.AppStore|x86.Build.0 = Debug|Any CPU
		{634E8241-BC41-4C04-B377-66039FBAA50F}.AppStore|x86.Deploy.0 = Debug|Any CPU
		{634E8241-BC41-4C04-B377-66039FBAA50F}.Debug|Any CPU.ActiveCfg = Debug|Any CPU
		{634E8241-BC41-4C04-B377-66039FBAA50F}.Debug|Any CPU.Build.0 = Debug|Any CPU
		{634E8241-BC41-4C04-B377-66039FBAA50F}.Debug|Any CPU.Deploy.0 = Debug|Any CPU
		{634E8241-BC41-4C04-B377-66039FBAA50F}.Debug|iPhone.ActiveCfg = Debug|Any CPU
		{634E8241-BC41-4C04-B377-66039FBAA50F}.Debug|iPhone.Build.0 = Debug|Any CPU
		{634E8241-BC41-4C04-B377-66039FBAA50F}.Debug|iPhone.Deploy.0 = Debug|Any CPU
		{634E8241-BC41-4C04-B377-66039FBAA50F}.Debug|iPhoneSimulator.ActiveCfg = Debug|Any CPU
		{634E8241-BC41-4C04-B377-66039FBAA50F}.Debug|iPhoneSimulator.Build.0 = Debug|Any CPU
		{634E8241-BC41-4C04-B377-66039FBAA50F}.Debug|iPhoneSimulator.Deploy.0 = Debug|Any CPU
		{634E8241-BC41-4C04-B377-66039FBAA50F}.Debug|x86.ActiveCfg = Debug|Any CPU
		{634E8241-BC41-4C04-B377-66039FBAA50F}.Debug|x86.Build.0 = Debug|Any CPU
		{634E8241-BC41-4C04-B377-66039FBAA50F}.Debug|x86.Deploy.0 = Debug|Any CPU
		{634E8241-BC41-4C04-B377-66039FBAA50F}.Release|Any CPU.ActiveCfg = Release|Any CPU
		{634E8241-BC41-4C04-B377-66039FBAA50F}.Release|Any CPU.Build.0 = Release|Any CPU
		{634E8241-BC41-4C04-B377-66039FBAA50F}.Release|Any CPU.Deploy.0 = Release|Any CPU
		{634E8241-BC41-4C04-B377-66039FBAA50F}.Release|iPhone.ActiveCfg = Release|Any CPU
		{634E8241-BC41-4C04-B377-66039FBAA50F}.Release|iPhone.Build.0 = Release|Any CPU
		{634E8241-BC41-4C04-B377-66039FBAA50F}.Release|iPhone.Deploy.0 = Release|Any CPU
		{634E8241-BC41-4C04-B377-66039FBAA50F}.Release|iPhoneSimulator.ActiveCfg = Release|Any CPU
		{634E8241-BC41-4C04-B377-66039FBAA50F}.Release|iPhoneSimulator.Build.0 = Release|Any CPU
		{634E8241-BC41-4C04-B377-66039FBAA50F}.Release|iPhoneSimulator.Deploy.0 = Release|Any CPU
		{634E8241-BC41-4C04-B377-66039FBAA50F}.Release|x86.ActiveCfg = Release|Any CPU
		{634E8241-BC41-4C04-B377-66039FBAA50F}.Release|x86.Build.0 = Release|Any CPU
		{634E8241-BC41-4C04-B377-66039FBAA50F}.Release|x86.Deploy.0 = Release|Any CPU
		{35FEF7DD-67B1-4CF6-9F1A-3F8A615EE05E}.Ad-Hoc|Any CPU.ActiveCfg = Ad-Hoc|iPhone
		{35FEF7DD-67B1-4CF6-9F1A-3F8A615EE05E}.Ad-Hoc|Any CPU.Build.0 = Ad-Hoc|iPhone
		{35FEF7DD-67B1-4CF6-9F1A-3F8A615EE05E}.Ad-Hoc|Any CPU.Deploy.0 = Ad-Hoc|iPhone
		{35FEF7DD-67B1-4CF6-9F1A-3F8A615EE05E}.Ad-Hoc|iPhone.ActiveCfg = Ad-Hoc|iPhone
		{35FEF7DD-67B1-4CF6-9F1A-3F8A615EE05E}.Ad-Hoc|iPhone.Build.0 = Ad-Hoc|iPhone
		{35FEF7DD-67B1-4CF6-9F1A-3F8A615EE05E}.Ad-Hoc|iPhone.Deploy.0 = Ad-Hoc|iPhone
		{35FEF7DD-67B1-4CF6-9F1A-3F8A615EE05E}.Ad-Hoc|iPhoneSimulator.ActiveCfg = Ad-Hoc|iPhoneSimulator
		{35FEF7DD-67B1-4CF6-9F1A-3F8A615EE05E}.Ad-Hoc|iPhoneSimulator.Build.0 = Ad-Hoc|iPhoneSimulator
		{35FEF7DD-67B1-4CF6-9F1A-3F8A615EE05E}.Ad-Hoc|iPhoneSimulator.Deploy.0 = Ad-Hoc|iPhoneSimulator
		{35FEF7DD-67B1-4CF6-9F1A-3F8A615EE05E}.Ad-Hoc|x86.ActiveCfg = Ad-Hoc|iPhoneSimulator
		{35FEF7DD-67B1-4CF6-9F1A-3F8A615EE05E}.AppStore|Any CPU.ActiveCfg = AppStore|iPhone
		{35FEF7DD-67B1-4CF6-9F1A-3F8A615EE05E}.AppStore|Any CPU.Build.0 = AppStore|iPhone
		{35FEF7DD-67B1-4CF6-9F1A-3F8A615EE05E}.AppStore|Any CPU.Deploy.0 = AppStore|iPhone
		{35FEF7DD-67B1-4CF6-9F1A-3F8A615EE05E}.AppStore|iPhone.ActiveCfg = AppStore|iPhone
		{35FEF7DD-67B1-4CF6-9F1A-3F8A615EE05E}.AppStore|iPhone.Build.0 = AppStore|iPhone
		{35FEF7DD-67B1-4CF6-9F1A-3F8A615EE05E}.AppStore|iPhone.Deploy.0 = AppStore|iPhone
		{35FEF7DD-67B1-4CF6-9F1A-3F8A615EE05E}.AppStore|iPhoneSimulator.ActiveCfg = AppStore|iPhoneSimulator
		{35FEF7DD-67B1-4CF6-9F1A-3F8A615EE05E}.AppStore|iPhoneSimulator.Build.0 = AppStore|iPhoneSimulator
		{35FEF7DD-67B1-4CF6-9F1A-3F8A615EE05E}.AppStore|iPhoneSimulator.Deploy.0 = AppStore|iPhoneSimulator
		{35FEF7DD-67B1-4CF6-9F1A-3F8A615EE05E}.AppStore|x86.ActiveCfg = AppStore|iPhoneSimulator
		{35FEF7DD-67B1-4CF6-9F1A-3F8A615EE05E}.Debug|Any CPU.ActiveCfg = Debug|iPhoneSimulator
		{35FEF7DD-67B1-4CF6-9F1A-3F8A615EE05E}.Debug|Any CPU.Build.0 = Debug|iPhoneSimulator
		{35FEF7DD-67B1-4CF6-9F1A-3F8A615EE05E}.Debug|Any CPU.Deploy.0 = Debug|iPhoneSimulator
		{35FEF7DD-67B1-4CF6-9F1A-3F8A615EE05E}.Debug|iPhone.ActiveCfg = Debug|iPhone
		{35FEF7DD-67B1-4CF6-9F1A-3F8A615EE05E}.Debug|iPhone.Build.0 = Debug|iPhone
		{35FEF7DD-67B1-4CF6-9F1A-3F8A615EE05E}.Debug|iPhone.Deploy.0 = Debug|iPhone
		{35FEF7DD-67B1-4CF6-9F1A-3F8A615EE05E}.Debug|iPhoneSimulator.ActiveCfg = Debug|iPhoneSimulator
		{35FEF7DD-67B1-4CF6-9F1A-3F8A615EE05E}.Debug|iPhoneSimulator.Build.0 = Debug|iPhoneSimulator
		{35FEF7DD-67B1-4CF6-9F1A-3F8A615EE05E}.Debug|iPhoneSimulator.Deploy.0 = Debug|iPhoneSimulator
		{35FEF7DD-67B1-4CF6-9F1A-3F8A615EE05E}.Debug|x86.ActiveCfg = Debug|iPhone
		{35FEF7DD-67B1-4CF6-9F1A-3F8A615EE05E}.Release|Any CPU.ActiveCfg = Release|iPhone
		{35FEF7DD-67B1-4CF6-9F1A-3F8A615EE05E}.Release|Any CPU.Build.0 = Release|iPhone
		{35FEF7DD-67B1-4CF6-9F1A-3F8A615EE05E}.Release|Any CPU.Deploy.0 = Release|iPhone
		{35FEF7DD-67B1-4CF6-9F1A-3F8A615EE05E}.Release|iPhone.ActiveCfg = Release|iPhone
		{35FEF7DD-67B1-4CF6-9F1A-3F8A615EE05E}.Release|iPhone.Build.0 = Release|iPhone
		{35FEF7DD-67B1-4CF6-9F1A-3F8A615EE05E}.Release|iPhone.Deploy.0 = Release|iPhone
		{35FEF7DD-67B1-4CF6-9F1A-3F8A615EE05E}.Release|iPhoneSimulator.ActiveCfg = Release|iPhoneSimulator
		{35FEF7DD-67B1-4CF6-9F1A-3F8A615EE05E}.Release|iPhoneSimulator.Build.0 = Release|iPhoneSimulator
		{35FEF7DD-67B1-4CF6-9F1A-3F8A615EE05E}.Release|iPhoneSimulator.Deploy.0 = Release|iPhoneSimulator
		{35FEF7DD-67B1-4CF6-9F1A-3F8A615EE05E}.Release|x86.ActiveCfg = Release|iPhoneSimulator
		{575DBD7D-55EE-4BF2-8837-8ABB7EEBDB84}.Ad-Hoc|Any CPU.ActiveCfg = Debug|Any CPU
		{575DBD7D-55EE-4BF2-8837-8ABB7EEBDB84}.Ad-Hoc|Any CPU.Build.0 = Debug|Any CPU
		{575DBD7D-55EE-4BF2-8837-8ABB7EEBDB84}.Ad-Hoc|Any CPU.Deploy.0 = Debug|Any CPU
		{575DBD7D-55EE-4BF2-8837-8ABB7EEBDB84}.Ad-Hoc|iPhone.ActiveCfg = Debug|Any CPU
		{575DBD7D-55EE-4BF2-8837-8ABB7EEBDB84}.Ad-Hoc|iPhone.Build.0 = Debug|Any CPU
		{575DBD7D-55EE-4BF2-8837-8ABB7EEBDB84}.Ad-Hoc|iPhone.Deploy.0 = Debug|Any CPU
		{575DBD7D-55EE-4BF2-8837-8ABB7EEBDB84}.Ad-Hoc|iPhoneSimulator.ActiveCfg = Debug|Any CPU
		{575DBD7D-55EE-4BF2-8837-8ABB7EEBDB84}.Ad-Hoc|iPhoneSimulator.Build.0 = Debug|Any CPU
		{575DBD7D-55EE-4BF2-8837-8ABB7EEBDB84}.Ad-Hoc|iPhoneSimulator.Deploy.0 = Debug|Any CPU
		{575DBD7D-55EE-4BF2-8837-8ABB7EEBDB84}.Ad-Hoc|x86.ActiveCfg = Release|Any CPU
		{575DBD7D-55EE-4BF2-8837-8ABB7EEBDB84}.Ad-Hoc|x86.Build.0 = Release|Any CPU
		{575DBD7D-55EE-4BF2-8837-8ABB7EEBDB84}.AppStore|Any CPU.ActiveCfg = Debug|Any CPU
		{575DBD7D-55EE-4BF2-8837-8ABB7EEBDB84}.AppStore|Any CPU.Build.0 = Debug|Any CPU
		{575DBD7D-55EE-4BF2-8837-8ABB7EEBDB84}.AppStore|Any CPU.Deploy.0 = Debug|Any CPU
		{575DBD7D-55EE-4BF2-8837-8ABB7EEBDB84}.AppStore|iPhone.ActiveCfg = Debug|Any CPU
		{575DBD7D-55EE-4BF2-8837-8ABB7EEBDB84}.AppStore|iPhone.Build.0 = Debug|Any CPU
		{575DBD7D-55EE-4BF2-8837-8ABB7EEBDB84}.AppStore|iPhone.Deploy.0 = Debug|Any CPU
		{575DBD7D-55EE-4BF2-8837-8ABB7EEBDB84}.AppStore|iPhoneSimulator.ActiveCfg = Debug|Any CPU
		{575DBD7D-55EE-4BF2-8837-8ABB7EEBDB84}.AppStore|iPhoneSimulator.Build.0 = Debug|Any CPU
		{575DBD7D-55EE-4BF2-8837-8ABB7EEBDB84}.AppStore|iPhoneSimulator.Deploy.0 = Debug|Any CPU
		{575DBD7D-55EE-4BF2-8837-8ABB7EEBDB84}.AppStore|x86.ActiveCfg = Release|Any CPU
		{575DBD7D-55EE-4BF2-8837-8ABB7EEBDB84}.AppStore|x86.Build.0 = Release|Any CPU
		{575DBD7D-55EE-4BF2-8837-8ABB7EEBDB84}.Debug|Any CPU.ActiveCfg = Debug|Any CPU
		{575DBD7D-55EE-4BF2-8837-8ABB7EEBDB84}.Debug|Any CPU.Build.0 = Debug|Any CPU
		{575DBD7D-55EE-4BF2-8837-8ABB7EEBDB84}.Debug|Any CPU.Deploy.0 = Debug|Any CPU
		{575DBD7D-55EE-4BF2-8837-8ABB7EEBDB84}.Debug|iPhone.ActiveCfg = Debug|Any CPU
		{575DBD7D-55EE-4BF2-8837-8ABB7EEBDB84}.Debug|iPhone.Build.0 = Debug|Any CPU
		{575DBD7D-55EE-4BF2-8837-8ABB7EEBDB84}.Debug|iPhone.Deploy.0 = Debug|Any CPU
		{575DBD7D-55EE-4BF2-8837-8ABB7EEBDB84}.Debug|iPhoneSimulator.ActiveCfg = Debug|Any CPU
		{575DBD7D-55EE-4BF2-8837-8ABB7EEBDB84}.Debug|iPhoneSimulator.Build.0 = Debug|Any CPU
		{575DBD7D-55EE-4BF2-8837-8ABB7EEBDB84}.Debug|iPhoneSimulator.Deploy.0 = Debug|Any CPU
		{575DBD7D-55EE-4BF2-8837-8ABB7EEBDB84}.Debug|x86.ActiveCfg = Debug|Any CPU
		{575DBD7D-55EE-4BF2-8837-8ABB7EEBDB84}.Debug|x86.Build.0 = Debug|Any CPU
		{575DBD7D-55EE-4BF2-8837-8ABB7EEBDB84}.Release|Any CPU.ActiveCfg = Release|Any CPU
		{575DBD7D-55EE-4BF2-8837-8ABB7EEBDB84}.Release|Any CPU.Build.0 = Release|Any CPU
		{575DBD7D-55EE-4BF2-8837-8ABB7EEBDB84}.Release|Any CPU.Deploy.0 = Release|Any CPU
		{575DBD7D-55EE-4BF2-8837-8ABB7EEBDB84}.Release|iPhone.ActiveCfg = Release|Any CPU
		{575DBD7D-55EE-4BF2-8837-8ABB7EEBDB84}.Release|iPhone.Build.0 = Release|Any CPU
		{575DBD7D-55EE-4BF2-8837-8ABB7EEBDB84}.Release|iPhone.Deploy.0 = Release|Any CPU
		{575DBD7D-55EE-4BF2-8837-8ABB7EEBDB84}.Release|iPhoneSimulator.ActiveCfg = Release|Any CPU
		{575DBD7D-55EE-4BF2-8837-8ABB7EEBDB84}.Release|iPhoneSimulator.Build.0 = Release|Any CPU
		{575DBD7D-55EE-4BF2-8837-8ABB7EEBDB84}.Release|iPhoneSimulator.Deploy.0 = Release|Any CPU
		{575DBD7D-55EE-4BF2-8837-8ABB7EEBDB84}.Release|x86.ActiveCfg = Release|Any CPU
		{575DBD7D-55EE-4BF2-8837-8ABB7EEBDB84}.Release|x86.Build.0 = Release|Any CPU
		{0C3FBD53-C813-43F1-822B-E84F4C0E2F06}.Ad-Hoc|Any CPU.ActiveCfg = Debug|Any CPU
		{0C3FBD53-C813-43F1-822B-E84F4C0E2F06}.Ad-Hoc|Any CPU.Build.0 = Debug|Any CPU
		{0C3FBD53-C813-43F1-822B-E84F4C0E2F06}.Ad-Hoc|iPhone.ActiveCfg = Debug|Any CPU
		{0C3FBD53-C813-43F1-822B-E84F4C0E2F06}.Ad-Hoc|iPhone.Build.0 = Debug|Any CPU
		{0C3FBD53-C813-43F1-822B-E84F4C0E2F06}.Ad-Hoc|iPhoneSimulator.ActiveCfg = Debug|Any CPU
		{0C3FBD53-C813-43F1-822B-E84F4C0E2F06}.Ad-Hoc|iPhoneSimulator.Build.0 = Debug|Any CPU
		{0C3FBD53-C813-43F1-822B-E84F4C0E2F06}.Ad-Hoc|x86.ActiveCfg = Debug|Any CPU
		{0C3FBD53-C813-43F1-822B-E84F4C0E2F06}.Ad-Hoc|x86.Build.0 = Debug|Any CPU
		{0C3FBD53-C813-43F1-822B-E84F4C0E2F06}.AppStore|Any CPU.ActiveCfg = Debug|Any CPU
		{0C3FBD53-C813-43F1-822B-E84F4C0E2F06}.AppStore|Any CPU.Build.0 = Debug|Any CPU
		{0C3FBD53-C813-43F1-822B-E84F4C0E2F06}.AppStore|iPhone.ActiveCfg = Debug|Any CPU
		{0C3FBD53-C813-43F1-822B-E84F4C0E2F06}.AppStore|iPhone.Build.0 = Debug|Any CPU
		{0C3FBD53-C813-43F1-822B-E84F4C0E2F06}.AppStore|iPhoneSimulator.ActiveCfg = Debug|Any CPU
		{0C3FBD53-C813-43F1-822B-E84F4C0E2F06}.AppStore|iPhoneSimulator.Build.0 = Debug|Any CPU
		{0C3FBD53-C813-43F1-822B-E84F4C0E2F06}.AppStore|x86.ActiveCfg = Debug|Any CPU
		{0C3FBD53-C813-43F1-822B-E84F4C0E2F06}.AppStore|x86.Build.0 = Debug|Any CPU
		{0C3FBD53-C813-43F1-822B-E84F4C0E2F06}.Debug|Any CPU.ActiveCfg = Debug|Any CPU
		{0C3FBD53-C813-43F1-822B-E84F4C0E2F06}.Debug|Any CPU.Build.0 = Debug|Any CPU
		{0C3FBD53-C813-43F1-822B-E84F4C0E2F06}.Debug|iPhone.ActiveCfg = Debug|Any CPU
		{0C3FBD53-C813-43F1-822B-E84F4C0E2F06}.Debug|iPhone.Build.0 = Debug|Any CPU
		{0C3FBD53-C813-43F1-822B-E84F4C0E2F06}.Debug|iPhoneSimulator.ActiveCfg = Debug|Any CPU
		{0C3FBD53-C813-43F1-822B-E84F4C0E2F06}.Debug|iPhoneSimulator.Build.0 = Debug|Any CPU
		{0C3FBD53-C813-43F1-822B-E84F4C0E2F06}.Debug|x86.ActiveCfg = Debug|Any CPU
		{0C3FBD53-C813-43F1-822B-E84F4C0E2F06}.Debug|x86.Build.0 = Debug|Any CPU
		{0C3FBD53-C813-43F1-822B-E84F4C0E2F06}.Release|Any CPU.ActiveCfg = Release|Any CPU
		{0C3FBD53-C813-43F1-822B-E84F4C0E2F06}.Release|Any CPU.Build.0 = Release|Any CPU
		{0C3FBD53-C813-43F1-822B-E84F4C0E2F06}.Release|iPhone.ActiveCfg = Release|Any CPU
		{0C3FBD53-C813-43F1-822B-E84F4C0E2F06}.Release|iPhone.Build.0 = Release|Any CPU
		{0C3FBD53-C813-43F1-822B-E84F4C0E2F06}.Release|iPhoneSimulator.ActiveCfg = Release|Any CPU
		{0C3FBD53-C813-43F1-822B-E84F4C0E2F06}.Release|iPhoneSimulator.Build.0 = Release|Any CPU
		{0C3FBD53-C813-43F1-822B-E84F4C0E2F06}.Release|x86.ActiveCfg = Release|Any CPU
		{0C3FBD53-C813-43F1-822B-E84F4C0E2F06}.Release|x86.Build.0 = Release|Any CPU
		{AED54322-48BB-4587-ADE3-45FE2D2318AC}.Ad-Hoc|Any CPU.ActiveCfg = Release|x86
		{AED54322-48BB-4587-ADE3-45FE2D2318AC}.Ad-Hoc|Any CPU.Build.0 = Release|x86
		{AED54322-48BB-4587-ADE3-45FE2D2318AC}.Ad-Hoc|iPhone.ActiveCfg = Release|x86
		{AED54322-48BB-4587-ADE3-45FE2D2318AC}.Ad-Hoc|iPhone.Build.0 = Release|x86
		{AED54322-48BB-4587-ADE3-45FE2D2318AC}.Ad-Hoc|iPhoneSimulator.ActiveCfg = Release|x86
		{AED54322-48BB-4587-ADE3-45FE2D2318AC}.Ad-Hoc|iPhoneSimulator.Build.0 = Release|x86
		{AED54322-48BB-4587-ADE3-45FE2D2318AC}.Ad-Hoc|x86.ActiveCfg = Release|x86
		{AED54322-48BB-4587-ADE3-45FE2D2318AC}.Ad-Hoc|x86.Build.0 = Release|x86
		{AED54322-48BB-4587-ADE3-45FE2D2318AC}.AppStore|Any CPU.ActiveCfg = Release|x86
		{AED54322-48BB-4587-ADE3-45FE2D2318AC}.AppStore|Any CPU.Build.0 = Release|x86
		{AED54322-48BB-4587-ADE3-45FE2D2318AC}.AppStore|iPhone.ActiveCfg = Release|x86
		{AED54322-48BB-4587-ADE3-45FE2D2318AC}.AppStore|iPhone.Build.0 = Release|x86
		{AED54322-48BB-4587-ADE3-45FE2D2318AC}.AppStore|iPhoneSimulator.ActiveCfg = Release|x86
		{AED54322-48BB-4587-ADE3-45FE2D2318AC}.AppStore|iPhoneSimulator.Build.0 = Release|x86
		{AED54322-48BB-4587-ADE3-45FE2D2318AC}.AppStore|x86.ActiveCfg = Release|x86
		{AED54322-48BB-4587-ADE3-45FE2D2318AC}.AppStore|x86.Build.0 = Release|x86
		{AED54322-48BB-4587-ADE3-45FE2D2318AC}.Debug|Any CPU.ActiveCfg = Debug|x86
		{AED54322-48BB-4587-ADE3-45FE2D2318AC}.Debug|iPhone.ActiveCfg = Debug|x86
		{AED54322-48BB-4587-ADE3-45FE2D2318AC}.Debug|iPhoneSimulator.ActiveCfg = Debug|x86
		{AED54322-48BB-4587-ADE3-45FE2D2318AC}.Debug|x86.ActiveCfg = Debug|x86
		{AED54322-48BB-4587-ADE3-45FE2D2318AC}.Debug|x86.Build.0 = Debug|x86
		{AED54322-48BB-4587-ADE3-45FE2D2318AC}.Release|Any CPU.ActiveCfg = Release|x86
		{AED54322-48BB-4587-ADE3-45FE2D2318AC}.Release|iPhone.ActiveCfg = Release|x86
		{AED54322-48BB-4587-ADE3-45FE2D2318AC}.Release|iPhoneSimulator.ActiveCfg = Release|x86
		{AED54322-48BB-4587-ADE3-45FE2D2318AC}.Release|x86.ActiveCfg = Release|x86
		{AED54322-48BB-4587-ADE3-45FE2D2318AC}.Release|x86.Build.0 = Release|x86
	EndGlobalSection
	GlobalSection(SolutionProperties) = preSolution
		HideSolutionNode = FALSE
	EndGlobalSection
	GlobalSection(NestedProjects) = preSolution
		{634E8241-BC41-4C04-B377-66039FBAA50F} = {6DF5BD98-4235-4BC9-85D2-D03E1D198433}
		{35FEF7DD-67B1-4CF6-9F1A-3F8A615EE05E} = {6DF5BD98-4235-4BC9-85D2-D03E1D198433}
		{575DBD7D-55EE-4BF2-8837-8ABB7EEBDB84} = {6DF5BD98-4235-4BC9-85D2-D03E1D198433}
		{0C3FBD53-C813-43F1-822B-E84F4C0E2F06} = {6DF5BD98-4235-4BC9-85D2-D03E1D198433}
		{AED54322-48BB-4587-ADE3-45FE2D2318AC} = {BFCEC691-0A98-4737-9DE3-66F2CC14E183}
	EndGlobalSection
	GlobalSection(ExtensibilityGlobals) = postSolution
		SolutionGuid = {A3000B61-89E6-41E0-B06B-13FC5A2CD13F}
	EndGlobalSection
EndGlobal
